// !$*UTF8*$!
{
	archiveVersion = 1;
	classes = {
	};
	objectVersion = 56;
	objects = {

/* Begin PBXBuildFile section */
		62C221CC2A7E8B9100F334D4 /* SwiftUI_MVVM_TemplateApp.swift in Sources */ = {isa = PBXBuildFile; fileRef = 62C221CB2A7E8B9100F334D4 /* SwiftUI_MVVM_TemplateApp.swift */; };
		62C221CE2A7E8B9100F334D4 /* ContentView.swift in Sources */ = {isa = PBXBuildFile; fileRef = 62C221CD2A7E8B9100F334D4 /* ContentView.swift */; };
		62C221D02A7E8B9200F334D4 /* Assets.xcassets in Resources */ = {isa = PBXBuildFile; fileRef = 62C221CF2A7E8B9200F334D4 /* Assets.xcassets */; };
		62C221D32A7E8B9200F334D4 /* Preview Assets.xcassets in Resources */ = {isa = PBXBuildFile; fileRef = 62C221D22A7E8B9200F334D4 /* Preview Assets.xcassets */; };
		62C221D52A7E8B9200F334D4 /* Persistence.swift in Sources */ = {isa = PBXBuildFile; fileRef = 62C221D42A7E8B9200F334D4 /* Persistence.swift */; };
		62C221D82A7E8B9200F334D4 /* SwiftUI_MVVM_Template.xcdatamodeld in Sources */ = {isa = PBXBuildFile; fileRef = 62C221D62A7E8B9200F334D4 /* SwiftUI_MVVM_Template.xcdatamodeld */; };
		62C221E22A7E8B9200F334D4 /* SwiftUI_MVVM_TemplateTests.swift in Sources */ = {isa = PBXBuildFile; fileRef = 62C221E12A7E8B9200F334D4 /* SwiftUI_MVVM_TemplateTests.swift */; };
		62C221EC2A7E8B9200F334D4 /* SwiftUI_MVVM_TemplateUITests.swift in Sources */ = {isa = PBXBuildFile; fileRef = 62C221EB2A7E8B9200F334D4 /* SwiftUI_MVVM_TemplateUITests.swift */; };
		62C221EE2A7E8B9200F334D4 /* SwiftUI_MVVM_TemplateUITestsLaunchTests.swift in Sources */ = {isa = PBXBuildFile; fileRef = 62C221ED2A7E8B9200F334D4 /* SwiftUI_MVVM_TemplateUITestsLaunchTests.swift */; };
/* End PBXBuildFile section */

/* Begin PBXContainerItemProxy section */
		62C221DE2A7E8B9200F334D4 /* PBXContainerItemProxy */ = {
			isa = PBXContainerItemProxy;
			containerPortal = 62C221C02A7E8B9100F334D4 /* Project object */;
			proxyType = 1;
			remoteGlobalIDString = 62C221C72A7E8B9100F334D4;
			remoteInfo = "SwiftUI-MVVM-Template";
		};
		62C221E82A7E8B9200F334D4 /* PBXContainerItemProxy */ = {
			isa = PBXContainerItemProxy;
			containerPortal = 62C221C02A7E8B9100F334D4 /* Project object */;
			proxyType = 1;
			remoteGlobalIDString = 62C221C72A7E8B9100F334D4;
			remoteInfo = "SwiftUI-MVVM-Template";
		};
/* End PBXContainerItemProxy section */

/* Begin PBXFileReference section */
		62C221C82A7E8B9100F334D4 /* SwiftUI-MVVM-Template.app */ = {isa = PBXFileReference; explicitFileType = wrapper.application; includeInIndex = 0; path = "SwiftUI-MVVM-Template.app"; sourceTree = BUILT_PRODUCTS_DIR; };
		62C221CB2A7E8B9100F334D4 /* SwiftUI_MVVM_TemplateApp.swift */ = {isa = PBXFileReference; lastKnownFileType = sourcecode.swift; path = SwiftUI_MVVM_TemplateApp.swift; sourceTree = "<group>"; };
		62C221CD2A7E8B9100F334D4 /* ContentView.swift */ = {isa = PBXFileReference; lastKnownFileType = sourcecode.swift; path = ContentView.swift; sourceTree = "<group>"; };
		62C221CF2A7E8B9200F334D4 /* Assets.xcassets */ = {isa = PBXFileReference; lastKnownFileType = folder.assetcatalog; path = Assets.xcassets; sourceTree = "<group>"; };
		62C221D22A7E8B9200F334D4 /* Preview Assets.xcassets */ = {isa = PBXFileReference; lastKnownFileType = folder.assetcatalog; path = "Preview Assets.xcassets"; sourceTree = "<group>"; };
		62C221D42A7E8B9200F334D4 /* Persistence.swift */ = {isa = PBXFileReference; lastKnownFileType = sourcecode.swift; path = Persistence.swift; sourceTree = "<group>"; };
		62C221D72A7E8B9200F334D4 /* SwiftUI_MVVM_Template.xcdatamodel */ = {isa = PBXFileReference; lastKnownFileType = wrapper.xcdatamodel; path = SwiftUI_MVVM_Template.xcdatamodel; sourceTree = "<group>"; };
		62C221DD2A7E8B9200F334D4 /* SwiftUI-MVVM-TemplateTests.xctest */ = {isa = PBXFileReference; explicitFileType = wrapper.cfbundle; includeInIndex = 0; path = "SwiftUI-MVVM-TemplateTests.xctest"; sourceTree = BUILT_PRODUCTS_DIR; };
		62C221E12A7E8B9200F334D4 /* SwiftUI_MVVM_TemplateTests.swift */ = {isa = PBXFileReference; lastKnownFileType = sourcecode.swift; path = SwiftUI_MVVM_TemplateTests.swift; sourceTree = "<group>"; };
		62C221E72A7E8B9200F334D4 /* SwiftUI-MVVM-TemplateUITests.xctest */ = {isa = PBXFileReference; explicitFileType = wrapper.cfbundle; includeInIndex = 0; path = "SwiftUI-MVVM-TemplateUITests.xctest"; sourceTree = BUILT_PRODUCTS_DIR; };
		62C221EB2A7E8B9200F334D4 /* SwiftUI_MVVM_TemplateUITests.swift */ = {isa = PBXFileReference; lastKnownFileType = sourcecode.swift; path = SwiftUI_MVVM_TemplateUITests.swift; sourceTree = "<group>"; };
		62C221ED2A7E8B9200F334D4 /* SwiftUI_MVVM_TemplateUITestsLaunchTests.swift */ = {isa = PBXFileReference; lastKnownFileType = sourcecode.swift; path = SwiftUI_MVVM_TemplateUITestsLaunchTests.swift; sourceTree = "<group>"; };
/* End PBXFileReference section */

/* Begin PBXFrameworksBuildPhase section */
		62C221C52A7E8B9100F334D4 /* Frameworks */ = {
			isa = PBXFrameworksBuildPhase;
			buildActionMask = 2147483647;
			files = (
			);
			runOnlyForDeploymentPostprocessing = 0;
		};
		62C221DA2A7E8B9200F334D4 /* Frameworks */ = {
			isa = PBXFrameworksBuildPhase;
			buildActionMask = 2147483647;
			files = (
			);
			runOnlyForDeploymentPostprocessing = 0;
		};
		62C221E42A7E8B9200F334D4 /* Frameworks */ = {
			isa = PBXFrameworksBuildPhase;
			buildActionMask = 2147483647;
			files = (
			);
			runOnlyForDeploymentPostprocessing = 0;
		};
/* End PBXFrameworksBuildPhase section */

/* Begin PBXGroup section */
		62C221BF2A7E8B9100F334D4 = {
			isa = PBXGroup;
			children = (
				62C221CA2A7E8B9100F334D4 /* SwiftUI-MVVM-Template */,
				62C221E02A7E8B9200F334D4 /* SwiftUI-MVVM-TemplateTests */,
				62C221EA2A7E8B9200F334D4 /* SwiftUI-MVVM-TemplateUITests */,
				62C221C92A7E8B9100F334D4 /* Products */,
			);
			sourceTree = "<group>";
		};
		62C221C92A7E8B9100F334D4 /* Products */ = {
			isa = PBXGroup;
			children = (
				62C221C82A7E8B9100F334D4 /* SwiftUI-MVVM-Template.app */,
				62C221DD2A7E8B9200F334D4 /* SwiftUI-MVVM-TemplateTests.xctest */,
				62C221E72A7E8B9200F334D4 /* SwiftUI-MVVM-TemplateUITests.xctest */,
			);
			name = Products;
			sourceTree = "<group>";
		};
		62C221CA2A7E8B9100F334D4 /* SwiftUI-MVVM-Template */ = {
			isa = PBXGroup;
			children = (
				62C221CB2A7E8B9100F334D4 /* SwiftUI_MVVM_TemplateApp.swift */,
				62C221CD2A7E8B9100F334D4 /* ContentView.swift */,
				62C221CF2A7E8B9200F334D4 /* Assets.xcassets */,
				62C221D42A7E8B9200F334D4 /* Persistence.swift */,
				62C221D62A7E8B9200F334D4 /* SwiftUI_MVVM_Template.xcdatamodeld */,
				62C221D12A7E8B9200F334D4 /* Preview Content */,
			);
			path = "SwiftUI-MVVM-Template";
			sourceTree = "<group>";
		};
		62C221D12A7E8B9200F334D4 /* Preview Content */ = {
			isa = PBXGroup;
			children = (
				62C221D22A7E8B9200F334D4 /* Preview Assets.xcassets */,
			);
			path = "Preview Content";
			sourceTree = "<group>";
		};
		62C221E02A7E8B9200F334D4 /* SwiftUI-MVVM-TemplateTests */ = {
			isa = PBXGroup;
			children = (
				62C221E12A7E8B9200F334D4 /* SwiftUI_MVVM_TemplateTests.swift */,
			);
			path = "SwiftUI-MVVM-TemplateTests";
			sourceTree = "<group>";
		};
		62C221EA2A7E8B9200F334D4 /* SwiftUI-MVVM-TemplateUITests */ = {
			isa = PBXGroup;
			children = (
				62C221EB2A7E8B9200F334D4 /* SwiftUI_MVVM_TemplateUITests.swift */,
				62C221ED2A7E8B9200F334D4 /* SwiftUI_MVVM_TemplateUITestsLaunchTests.swift */,
			);
			path = "SwiftUI-MVVM-TemplateUITests";
			sourceTree = "<group>";
		};
/* End PBXGroup section */

/* Begin PBXNativeTarget section */
		62C221C72A7E8B9100F334D4 /* SwiftUI-MVVM-Template */ = {
			isa = PBXNativeTarget;
			buildConfigurationList = 62C221F12A7E8B9200F334D4 /* Build configuration list for PBXNativeTarget "SwiftUI-MVVM-Template" */;
			buildPhases = (
				62C221C42A7E8B9100F334D4 /* Sources */,
				62C221C52A7E8B9100F334D4 /* Frameworks */,
				62C221C62A7E8B9100F334D4 /* Resources */,
			);
			buildRules = (
			);
			dependencies = (
			);
			name = "SwiftUI-MVVM-Template";
			productName = "SwiftUI-MVVM-Template";
			productReference = 62C221C82A7E8B9100F334D4 /* SwiftUI-MVVM-Template.app */;
			productType = "com.apple.product-type.application";
		};
		62C221DC2A7E8B9200F334D4 /* SwiftUI-MVVM-TemplateTests */ = {
			isa = PBXNativeTarget;
			buildConfigurationList = 62C221F42A7E8B9200F334D4 /* Build configuration list for PBXNativeTarget "SwiftUI-MVVM-TemplateTests" */;
			buildPhases = (
				62C221D92A7E8B9200F334D4 /* Sources */,
				62C221DA2A7E8B9200F334D4 /* Frameworks */,
				62C221DB2A7E8B9200F334D4 /* Resources */,
			);
			buildRules = (
			);
			dependencies = (
				62C221DF2A7E8B9200F334D4 /* PBXTargetDependency */,
			);
			name = "SwiftUI-MVVM-TemplateTests";
			productName = "SwiftUI-MVVM-TemplateTests";
			productReference = 62C221DD2A7E8B9200F334D4 /* SwiftUI-MVVM-TemplateTests.xctest */;
			productType = "com.apple.product-type.bundle.unit-test";
		};
		62C221E62A7E8B9200F334D4 /* SwiftUI-MVVM-TemplateUITests */ = {
			isa = PBXNativeTarget;
			buildConfigurationList = 62C221F72A7E8B9200F334D4 /* Build configuration list for PBXNativeTarget "SwiftUI-MVVM-TemplateUITests" */;
			buildPhases = (
				62C221E32A7E8B9200F334D4 /* Sources */,
				62C221E42A7E8B9200F334D4 /* Frameworks */,
				62C221E52A7E8B9200F334D4 /* Resources */,
			);
			buildRules = (
			);
			dependencies = (
				62C221E92A7E8B9200F334D4 /* PBXTargetDependency */,
			);
			name = "SwiftUI-MVVM-TemplateUITests";
			productName = "SwiftUI-MVVM-TemplateUITests";
			productReference = 62C221E72A7E8B9200F334D4 /* SwiftUI-MVVM-TemplateUITests.xctest */;
			productType = "com.apple.product-type.bundle.ui-testing";
		};
/* End PBXNativeTarget section */

/* Begin PBXProject section */
		62C221C02A7E8B9100F334D4 /* Project object */ = {
			isa = PBXProject;
			attributes = {
				BuildIndependentTargetsInParallel = 1;
				LastSwiftUpdateCheck = 1430;
				LastUpgradeCheck = 1430;
				TargetAttributes = {
					62C221C72A7E8B9100F334D4 = {
						CreatedOnToolsVersion = 14.3.1;
					};
					62C221DC2A7E8B9200F334D4 = {
						CreatedOnToolsVersion = 14.3.1;
						TestTargetID = 62C221C72A7E8B9100F334D4;
					};
					62C221E62A7E8B9200F334D4 = {
						CreatedOnToolsVersion = 14.3.1;
						TestTargetID = 62C221C72A7E8B9100F334D4;
					};
				};
			};
			buildConfigurationList = 62C221C32A7E8B9100F334D4 /* Build configuration list for PBXProject "SwiftUI-MVVM-Template" */;
			compatibilityVersion = "Xcode 14.0";
			developmentRegion = en;
			hasScannedForEncodings = 0;
			knownRegions = (
				en,
				Base,
			);
			mainGroup = 62C221BF2A7E8B9100F334D4;
			productRefGroup = 62C221C92A7E8B9100F334D4 /* Products */;
			projectDirPath = "";
			projectRoot = "";
			targets = (
				62C221C72A7E8B9100F334D4 /* SwiftUI-MVVM-Template */,
				62C221DC2A7E8B9200F334D4 /* SwiftUI-MVVM-TemplateTests */,
				62C221E62A7E8B9200F334D4 /* SwiftUI-MVVM-TemplateUITests */,
			);
		};
/* End PBXProject section */

/* Begin PBXResourcesBuildPhase section */
		62C221C62A7E8B9100F334D4 /* Resources */ = {
			isa = PBXResourcesBuildPhase;
			buildActionMask = 2147483647;
			files = (
				62C221D32A7E8B9200F334D4 /* Preview Assets.xcassets in Resources */,
				62C221D02A7E8B9200F334D4 /* Assets.xcassets in Resources */,
			);
			runOnlyForDeploymentPostprocessing = 0;
		};
		62C221DB2A7E8B9200F334D4 /* Resources */ = {
			isa = PBXResourcesBuildPhase;
			buildActionMask = 2147483647;
			files = (
			);
			runOnlyForDeploymentPostprocessing = 0;
		};
		62C221E52A7E8B9200F334D4 /* Resources */ = {
			isa = PBXResourcesBuildPhase;
			buildActionMask = 2147483647;
			files = (
			);
			runOnlyForDeploymentPostprocessing = 0;
		};
/* End PBXResourcesBuildPhase section */

/* Begin PBXSourcesBuildPhase section */
		62C221C42A7E8B9100F334D4 /* Sources */ = {
			isa = PBXSourcesBuildPhase;
			buildActionMask = 2147483647;
			files = (
				62C221D52A7E8B9200F334D4 /* Persistence.swift in Sources */,
				62C221D82A7E8B9200F334D4 /* SwiftUI_MVVM_Template.xcdatamodeld in Sources */,
				62C221CE2A7E8B9100F334D4 /* ContentView.swift in Sources */,
				62C221CC2A7E8B9100F334D4 /* SwiftUI_MVVM_TemplateApp.swift in Sources */,
			);
			runOnlyForDeploymentPostprocessing = 0;
		};
		62C221D92A7E8B9200F334D4 /* Sources */ = {
			isa = PBXSourcesBuildPhase;
			buildActionMask = 2147483647;
			files = (
				62C221E22A7E8B9200F334D4 /* SwiftUI_MVVM_TemplateTests.swift in Sources */,
			);
			runOnlyForDeploymentPostprocessing = 0;
		};
		62C221E32A7E8B9200F334D4 /* Sources */ = {
			isa = PBXSourcesBuildPhase;
			buildActionMask = 2147483647;
			files = (
				62C221EE2A7E8B9200F334D4 /* SwiftUI_MVVM_TemplateUITestsLaunchTests.swift in Sources */,
				62C221EC2A7E8B9200F334D4 /* SwiftUI_MVVM_TemplateUITests.swift in Sources */,
			);
			runOnlyForDeploymentPostprocessing = 0;
		};
/* End PBXSourcesBuildPhase section */

/* Begin PBXTargetDependency section */
		62C221DF2A7E8B9200F334D4 /* PBXTargetDependency */ = {
			isa = PBXTargetDependency;
			target = 62C221C72A7E8B9100F334D4 /* SwiftUI-MVVM-Template */;
			targetProxy = 62C221DE2A7E8B9200F334D4 /* PBXContainerItemProxy */;
		};
		62C221E92A7E8B9200F334D4 /* PBXTargetDependency */ = {
			isa = PBXTargetDependency;
			target = 62C221C72A7E8B9100F334D4 /* SwiftUI-MVVM-Template */;
			targetProxy = 62C221E82A7E8B9200F334D4 /* PBXContainerItemProxy */;
		};
/* End PBXTargetDependency section */

/* Begin XCBuildConfiguration section */
		62C221EF2A7E8B9200F334D4 /* Debug */ = {
			isa = XCBuildConfiguration;
			buildSettings = {
				ALWAYS_SEARCH_USER_PATHS = NO;
				CLANG_ANALYZER_NONNULL = YES;
				CLANG_ANALYZER_NUMBER_OBJECT_CONVERSION = YES_AGGRESSIVE;
				CLANG_CXX_LANGUAGE_STANDARD = "gnu++20";
				CLANG_ENABLE_MODULES = YES;
				CLANG_ENABLE_OBJC_ARC = YES;
				CLANG_ENABLE_OBJC_WEAK = YES;
				CLANG_WARN_BLOCK_CAPTURE_AUTORELEASING = YES;
				CLANG_WARN_BOOL_CONVERSION = YES;
				CLANG_WARN_COMMA = YES;
				CLANG_WARN_CONSTANT_CONVERSION = YES;
				CLANG_WARN_DEPRECATED_OBJC_IMPLEMENTATIONS = YES;
				CLANG_WARN_DIRECT_OBJC_ISA_USAGE = YES_ERROR;
				CLANG_WARN_DOCUMENTATION_COMMENTS = YES;
				CLANG_WARN_EMPTY_BODY = YES;
				CLANG_WARN_ENUM_CONVERSION = YES;
				CLANG_WARN_INFINITE_RECURSION = YES;
				CLANG_WARN_INT_CONVERSION = YES;
				CLANG_WARN_NON_LITERAL_NULL_CONVERSION = YES;
				CLANG_WARN_OBJC_IMPLICIT_RETAIN_SELF = YES;
				CLANG_WARN_OBJC_LITERAL_CONVERSION = YES;
				CLANG_WARN_OBJC_ROOT_CLASS = YES_ERROR;
				CLANG_WARN_QUOTED_INCLUDE_IN_FRAMEWORK_HEADER = YES;
				CLANG_WARN_RANGE_LOOP_ANALYSIS = YES;
				CLANG_WARN_STRICT_PROTOTYPES = YES;
				CLANG_WARN_SUSPICIOUS_MOVE = YES;
				CLANG_WARN_UNGUARDED_AVAILABILITY = YES_AGGRESSIVE;
				CLANG_WARN_UNREACHABLE_CODE = YES;
				CLANG_WARN__DUPLICATE_METHOD_MATCH = YES;
				COPY_PHASE_STRIP = NO;
				DEBUG_INFORMATION_FORMAT = dwarf;
				ENABLE_STRICT_OBJC_MSGSEND = YES;
				ENABLE_TESTABILITY = YES;
				GCC_C_LANGUAGE_STANDARD = gnu11;
				GCC_DYNAMIC_NO_PIC = NO;
				GCC_NO_COMMON_BLOCKS = YES;
				GCC_OPTIMIZATION_LEVEL = 0;
				GCC_PREPROCESSOR_DEFINITIONS = (
					"DEBUG=1",
					"$(inherited)",
				);
				GCC_WARN_64_TO_32_BIT_CONVERSION = YES;
				GCC_WARN_ABOUT_RETURN_TYPE = YES_ERROR;
				GCC_WARN_UNDECLARED_SELECTOR = YES;
				GCC_WARN_UNINITIALIZED_AUTOS = YES_AGGRESSIVE;
				GCC_WARN_UNUSED_FUNCTION = YES;
				GCC_WARN_UNUSED_VARIABLE = YES;
				IPHONEOS_DEPLOYMENT_TARGET = 16.4;
				MTL_ENABLE_DEBUG_INFO = INCLUDE_SOURCE;
				MTL_FAST_MATH = YES;
				ONLY_ACTIVE_ARCH = YES;
				SDKROOT = iphoneos;
				SWIFT_ACTIVE_COMPILATION_CONDITIONS = DEBUG;
				SWIFT_OPTIMIZATION_LEVEL = "-Onone";
			};
			name = Debug;
		};
		62C221F02A7E8B9200F334D4 /* Release */ = {
			isa = XCBuildConfiguration;
			buildSettings = {
				ALWAYS_SEARCH_USER_PATHS = NO;
				CLANG_ANALYZER_NONNULL = YES;
				CLANG_ANALYZER_NUMBER_OBJECT_CONVERSION = YES_AGGRESSIVE;
				CLANG_CXX_LANGUAGE_STANDARD = "gnu++20";
				CLANG_ENABLE_MODULES = YES;
				CLANG_ENABLE_OBJC_ARC = YES;
				CLANG_ENABLE_OBJC_WEAK = YES;
				CLANG_WARN_BLOCK_CAPTURE_AUTORELEASING = YES;
				CLANG_WARN_BOOL_CONVERSION = YES;
				CLANG_WARN_COMMA = YES;
				CLANG_WARN_CONSTANT_CONVERSION = YES;
				CLANG_WARN_DEPRECATED_OBJC_IMPLEMENTATIONS = YES;
				CLANG_WARN_DIRECT_OBJC_ISA_USAGE = YES_ERROR;
				CLANG_WARN_DOCUMENTATION_COMMENTS = YES;
				CLANG_WARN_EMPTY_BODY = YES;
				CLANG_WARN_ENUM_CONVERSION = YES;
				CLANG_WARN_INFINITE_RECURSION = YES;
				CLANG_WARN_INT_CONVERSION = YES;
				CLANG_WARN_NON_LITERAL_NULL_CONVERSION = YES;
				CLANG_WARN_OBJC_IMPLICIT_RETAIN_SELF = YES;
				CLANG_WARN_OBJC_LITERAL_CONVERSION = YES;
				CLANG_WARN_OBJC_ROOT_CLASS = YES_ERROR;
				CLANG_WARN_QUOTED_INCLUDE_IN_FRAMEWORK_HEADER = YES;
				CLANG_WARN_RANGE_LOOP_ANALYSIS = YES;
				CLANG_WARN_STRICT_PROTOTYPES = YES;
				CLANG_WARN_SUSPICIOUS_MOVE = YES;
				CLANG_WARN_UNGUARDED_AVAILABILITY = YES_AGGRESSIVE;
				CLANG_WARN_UNREACHABLE_CODE = YES;
				CLANG_WARN__DUPLICATE_METHOD_MATCH = YES;
				COPY_PHASE_STRIP = NO;
				DEBUG_INFORMATION_FORMAT = "dwarf-with-dsym";
				ENABLE_NS_ASSERTIONS = NO;
				ENABLE_STRICT_OBJC_MSGSEND = YES;
				GCC_C_LANGUAGE_STANDARD = gnu11;
				GCC_NO_COMMON_BLOCKS = YES;
				GCC_WARN_64_TO_32_BIT_CONVERSION = YES;
				GCC_WARN_ABOUT_RETURN_TYPE = YES_ERROR;
				GCC_WARN_UNDECLARED_SELECTOR = YES;
				GCC_WARN_UNINITIALIZED_AUTOS = YES_AGGRESSIVE;
				GCC_WARN_UNUSED_FUNCTION = YES;
				GCC_WARN_UNUSED_VARIABLE = YES;
				IPHONEOS_DEPLOYMENT_TARGET = 16.4;
				MTL_ENABLE_DEBUG_INFO = NO;
				MTL_FAST_MATH = YES;
				SDKROOT = iphoneos;
				SWIFT_COMPILATION_MODE = wholemodule;
				SWIFT_OPTIMIZATION_LEVEL = "-O";
				VALIDATE_PRODUCT = YES;
			};
			name = Release;
		};
		62C221F22A7E8B9200F334D4 /* Debug */ = {
			isa = XCBuildConfiguration;
			buildSettings = {
				ASSETCATALOG_COMPILER_APPICON_NAME = AppIcon;
				ASSETCATALOG_COMPILER_GLOBAL_ACCENT_COLOR_NAME = AccentColor;
				CODE_SIGN_STYLE = Automatic;
				CURRENT_PROJECT_VERSION = 1;
				DEVELOPMENT_ASSET_PATHS = "\"SwiftUI-MVVM-Template/Preview Content\"";
				DEVELOPMENT_TEAM = 2NPB27G7C4;
				ENABLE_PREVIEWS = YES;
				GENERATE_INFOPLIST_FILE = YES;
				INFOPLIST_KEY_UIApplicationSceneManifest_Generation = YES;
				INFOPLIST_KEY_UIApplicationSupportsIndirectInputEvents = YES;
				INFOPLIST_KEY_UILaunchScreen_Generation = YES;
				INFOPLIST_KEY_UISupportedInterfaceOrientations_iPad = "UIInterfaceOrientationPortrait UIInterfaceOrientationPortraitUpsideDown UIInterfaceOrientationLandscapeLeft UIInterfaceOrientationLandscapeRight";
				INFOPLIST_KEY_UISupportedInterfaceOrientations_iPhone = "UIInterfaceOrientationPortrait UIInterfaceOrientationLandscapeLeft UIInterfaceOrientationLandscapeRight";
				LD_RUNPATH_SEARCH_PATHS = (
					"$(inherited)",
					"@executable_path/Frameworks",
				);
				MARKETING_VERSION = 1.0;
				PRODUCT_BUNDLE_IDENTIFIER = "com.GTRows.SwiftUI-MVVM-Template";
				PRODUCT_NAME = "$(TARGET_NAME)";
				SWIFT_EMIT_LOC_STRINGS = YES;
				SWIFT_VERSION = 5.0;
				TARGETED_DEVICE_FAMILY = "1,2";
			};
			name = Debug;
		};
		62C221F32A7E8B9200F334D4 /* Release */ = {
			isa = XCBuildConfiguration;
			buildSettings = {
				ASSETCATALOG_COMPILER_APPICON_NAME = AppIcon;
				ASSETCATALOG_COMPILER_GLOBAL_ACCENT_COLOR_NAME = AccentColor;
				CODE_SIGN_STYLE = Automatic;
				CURRENT_PROJECT_VERSION = 1;
				DEVELOPMENT_ASSET_PATHS = "\"SwiftUI-MVVM-Template/Preview Content\"";
				DEVELOPMENT_TEAM = 2NPB27G7C4;
				ENABLE_PREVIEWS = YES;
				GENERATE_INFOPLIST_FILE = YES;
				INFOPLIST_KEY_UIApplicationSceneManifest_Generation = YES;
				INFOPLIST_KEY_UIApplicationSupportsIndirectInputEvents = YES;
				INFOPLIST_KEY_UILaunchScreen_Generation = YES;
				INFOPLIST_KEY_UISupportedInterfaceOrientations_iPad = "UIInterfaceOrientationPortrait UIInterfaceOrientationPortraitUpsideDown UIInterfaceOrientationLandscapeLeft UIInterfaceOrientationLandscapeRight";
				INFOPLIST_KEY_UISupportedInterfaceOrientations_iPhone = "UIInterfaceOrientationPortrait UIInterfaceOrientationLandscapeLeft UIInterfaceOrientationLandscapeRight";
				LD_RUNPATH_SEARCH_PATHS = (
					"$(inherited)",
					"@executable_path/Frameworks",
				);
				MARKETING_VERSION = 1.0;
				PRODUCT_BUNDLE_IDENTIFIER = "com.GTRows.SwiftUI-MVVM-Template";
				PRODUCT_NAME = "$(TARGET_NAME)";
				SWIFT_EMIT_LOC_STRINGS = YES;
				SWIFT_VERSION = 5.0;
				TARGETED_DEVICE_FAMILY = "1,2";
			};
			name = Release;
		};
		62C221F52A7E8B9200F334D4 /* Debug */ = {
			isa = XCBuildConfiguration;
			buildSettings = {
				ALWAYS_EMBED_SWIFT_STANDARD_LIBRARIES = YES;
				BUNDLE_LOADER = "$(TEST_HOST)";
				CODE_SIGN_STYLE = Automatic;
				CURRENT_PROJECT_VERSION = 1;
				DEVELOPMENT_TEAM = 2NPB27G7C4;
				GENERATE_INFOPLIST_FILE = YES;
				IPHONEOS_DEPLOYMENT_TARGET = 16.4;
				MARKETING_VERSION = 1.0;
				PRODUCT_BUNDLE_IDENTIFIER = "com.GTRows.SwiftUI-MVVM-TemplateTests";
				PRODUCT_NAME = "$(TARGET_NAME)";
				SWIFT_EMIT_LOC_STRINGS = NO;
				SWIFT_VERSION = 5.0;
				TARGETED_DEVICE_FAMILY = "1,2";
				TEST_HOST = "$(BUILT_PRODUCTS_DIR)/SwiftUI-MVVM-Template.app/$(BUNDLE_EXECUTABLE_FOLDER_PATH)/SwiftUI-MVVM-Template";
			};
			name = Debug;
		};
		62C221F62A7E8B9200F334D4 /* Release */ = {
			isa = XCBuildConfiguration;
			buildSettings = {
				ALWAYS_EMBED_SWIFT_STANDARD_LIBRARIES = YES;
				BUNDLE_LOADER = "$(TEST_HOST)";
				CODE_SIGN_STYLE = Automatic;
				CURRENT_PROJECT_VERSION = 1;
				DEVELOPMENT_TEAM = 2NPB27G7C4;
				GENERATE_INFOPLIST_FILE = YES;
				IPHONEOS_DEPLOYMENT_TARGET = 16.4;
				MARKETING_VERSION = 1.0;
				PRODUCT_BUNDLE_IDENTIFIER = "com.GTRows.SwiftUI-MVVM-TemplateTests";
				PRODUCT_NAME = "$(TARGET_NAME)";
				SWIFT_EMIT_LOC_STRINGS = NO;
				SWIFT_VERSION = 5.0;
				TARGETED_DEVICE_FAMILY = "1,2";
				TEST_HOST = "$(BUILT_PRODUCTS_DIR)/SwiftUI-MVVM-Template.app/$(BUNDLE_EXECUTABLE_FOLDER_PATH)/SwiftUI-MVVM-Template";
			};
			name = Release;
		};
		62C221F82A7E8B9200F334D4 /* Debug */ = {
			isa = XCBuildConfiguration;
			buildSettings = {
				ALWAYS_EMBED_SWIFT_STANDARD_LIBRARIES = YES;
				CODE_SIGN_STYLE = Automatic;
				CURRENT_PROJECT_VERSION = 1;
				DEVELOPMENT_TEAM = 2NPB27G7C4;
				GENERATE_INFOPLIST_FILE = YES;
				MARKETING_VERSION = 1.0;
				PRODUCT_BUNDLE_IDENTIFIER = "com.GTRows.SwiftUI-MVVM-TemplateUITests";
				PRODUCT_NAME = "$(TARGET_NAME)";
				SWIFT_EMIT_LOC_STRINGS = NO;
				SWIFT_VERSION = 5.0;
				TARGETED_DEVICE_FAMILY = "1,2";
				TEST_TARGET_NAME = "SwiftUI-MVVM-Template";
			};
			name = Debug;
		};
		62C221F92A7E8B9200F334D4 /* Release */ = {
			isa = XCBuildConfiguration;
			buildSettings = {
				ALWAYS_EMBED_SWIFT_STANDARD_LIBRARIES = YES;
				CODE_SIGN_STYLE = Automatic;
				CURRENT_PROJECT_VERSION = 1;
				DEVELOPMENT_TEAM = 2NPB27G7C4;
				GENERATE_INFOPLIST_FILE = YES;
				MARKETING_VERSION = 1.0;
				PRODUCT_BUNDLE_IDENTIFIER = "com.GTRows.SwiftUI-MVVM-TemplateUITests";
				PRODUCT_NAME = "$(TARGET_NAME)";
				SWIFT_EMIT_LOC_STRINGS = NO;
				SWIFT_VERSION = 5.0;
				TARGETED_DEVICE_FAMILY = "1,2";
				TEST_TARGET_NAME = "SwiftUI-MVVM-Template";
			};
			name = Release;
		};
/* End XCBuildConfiguration section */

/* Begin XCConfigurationList section */
		62C221C32A7E8B9100F334D4 /* Build configuration list for PBXProject "SwiftUI-MVVM-Template" */ = {
			isa = XCConfigurationList;
			buildConfigurations = (
				62C221EF2A7E8B9200F334D4 /* Debug */,
				62C221F02A7E8B9200F334D4 /* Release */,
			);
			defaultConfigurationIsVisible = 0;
			defaultConfigurationName = Release;
		};
		62C221F12A7E8B9200F334D4 /* Build configuration list for PBXNativeTarget "SwiftUI-MVVM-Template" */ = {
			isa = XCConfigurationList;
			buildConfigurations = (
				62C221F22A7E8B9200F334D4 /* Debug */,
				62C221F32A7E8B9200F334D4 /* Release */,
			);
			defaultConfigurationIsVisible = 0;
			defaultConfigurationName = Release;
		};
		62C221F42A7E8B9200F334D4 /* Build configuration list for PBXNativeTarget "SwiftUI-MVVM-TemplateTests" */ = {
			isa = XCConfigurationList;
			buildConfigurations = (
				62C221F52A7E8B9200F334D4 /* Debug */,
				62C221F62A7E8B9200F334D4 /* Release */,
			);
			defaultConfigurationIsVisible = 0;
			defaultConfigurationName = Release;
		};
		62C221F72A7E8B9200F334D4 /* Build configuration list for PBXNativeTarget "SwiftUI-MVVM-TemplateUITests" */ = {
			isa = XCConfigurationList;
			buildConfigurations = (
				62C221F82A7E8B9200F334D4 /* Debug */,
				62C221F92A7E8B9200F334D4 /* Release */,
			);
			defaultConfigurationIsVisible = 0;
			defaultConfigurationName = Release;
		};
/* End XCConfigurationList section */

/* Begin XCVersionGroup section */
		62C221D62A7E8B9200F334D4 /* SwiftUI_MVVM_Template.xcdatamodeld */ = {
			isa = XCVersionGroup;
			children = (
				62C221D72A7E8B9200F334D4 /* SwiftUI_MVVM_Template.xcdatamodel */,
			);
			currentVersion = 62C221D72A7E8B9200F334D4 /* SwiftUI_MVVM_Template.xcdatamodel */;
			path = SwiftUI_MVVM_Template.xcdatamodeld;
			sourceTree = "<group>";
			versionGroupType = wrapper.xcdatamodel;
		};
/* End XCVersionGroup section */
	};
	rootObject = 62C221C02A7E8B9100F334D4 /* Project object */;
}
